
Microsoft Visual Studio Solution File, Format Version 12.00
# Visual Studio Version 16
VisualStudioVersion = 16.0.31005.135
MinimumVisualStudioVersion = 10.0.40219.1
Project("{9A19103F-16F7-4668-BE54-9A1E7A4F7556}") = "SiteCorretor", "SiteCorretor\SiteCorretor.csproj", "{94343F51-1532-4110-B94C-39026436746F}"
EndProject
Global
	GlobalSection(SolutionConfigurationPlatforms) = preSolution
		Debug|Any CPU = Debug|Any CPU
		Release|Any CPU = Release|Any CPU
	EndGlobalSection
	GlobalSection(ProjectConfigurationPlatforms) = postSolution
		{94343F51-1532-4110-B94C-39026436746F}.Debug|Any CPU.ActiveCfg = Debug|Any CPU
		{94343F51-1532-4110-B94C-39026436746F}.Debug|Any CPU.Build.0 = Debug|Any CPU
		{94343F51-1532-4110-B94C-39026436746F}.Release|Any CPU.ActiveCfg = Release|Any CPU
		{94343F51-1532-4110-B94C-39026436746F}.Release|Any CPU.Build.0 = Release|Any CPU
	EndGlobalSection
	GlobalSection(SolutionProperties) = preSolution
		HideSolutionNode = FALSE
	EndGlobalSection
	GlobalSection(ExtensibilityGlobals) = postSolution
		SolutionGuid = {7DEBE41D-A386-44A8-870B-E91D7CDCCFAE}
	EndGlobalSection
EndGlobal
